Microsoft Visual Studio Solution File, Format Version 11.00
# Visual Studio 2008

Project("{F3054C91-2162-96A5-ABF7-01D84CD9A843}") = "360Pong", "Assembly-CSharp.csproj", "{9C669EDF-53EB-660D-BBEE-D8CD5D431E65}"
EndProject
Project("{F3054C91-2162-96A5-ABF7-01D84CD9A843}") = "360Pong", "Assembly-UnityScript.unityproj", "{D34ADCE9-72CE-C099-E096-956D7E3B5D97}"
EndProject
Global
	GlobalSection(SolutionConfigurationPlatforms) = preSolution
		Debug|Any CPU = Debug|Any CPU
		Release|Any CPU = Release|Any CPU
	EndGlobalSection
	GlobalSection(ProjectConfigurationPlatforms) = postSolution
		{9C669EDF-53EB-660D-BBEE-D8CD5D431E65}.Debug|Any CPU.ActiveCfg = Debug|Any CPU
		{9C669EDF-53EB-660D-BBEE-D8CD5D431E65}.Debug|Any CPU.Build.0 = Debug|Any CPU
		{9C669EDF-53EB-660D-BBEE-D8CD5D431E65}.Release|Any CPU.ActiveCfg = Release|Any CPU
		{9C669EDF-53EB-660D-BBEE-D8CD5D431E65}.Release|Any CPU.Build.0 = Release|Any CPU
		{D34ADCE9-72CE-C099-E096-956D7E3B5D97}.Debug|Any CPU.ActiveCfg = Debug|Any CPU
		{D34ADCE9-72CE-C099-E096-956D7E3B5D97}.Debug|Any CPU.Build.0 = Debug|Any CPU
		{D34ADCE9-72CE-C099-E096-956D7E3B5D97}.Release|Any CPU.ActiveCfg = Release|Any CPU
		{D34ADCE9-72CE-C099-E096-956D7E3B5D97}.Release|Any CPU.Build.0 = Release|Any CPU
	EndGlobalSection
	GlobalSection(SolutionProperties) = preSolution
		HideSolutionNode = FALSE
	EndGlobalSection
																																																																									GlobalSection(MonoDevelopProperties) = preSolution
		StartupItem = Assembly-CSharp.csproj
		Policies = $0
		$0.TextStylePolicy = $1
		$1.inheritsSet = null
		$1.scope = text/x-csharp
		$0.CSharpFormattingPolicy = $2
		$2.inheritsSet = Mono
		$2.inheritsScope = text/x-csharp
		$2.scope = text/x-csharp
		$0.TextStylePolicy = $3
		$3.FileWidth = 120
		$3.TabWidth = 4
		$3.EolMarker = Unix
		$3.inheritsSet = Mono
		$3.inheritsScope = text/plain
		$3.scope = text/plain
	EndGlobalSection

EndGlobal
